{
  "version": "2",
  "remote": {
    "https://deno.land/std@0.177.0/_util/asserts.ts": "178dfc49a464aee693a7e285567b3d0b555dc805ff490505a8aae34f9cfb1462",
    "https://deno.land/std@0.177.0/_util/os.ts": "d932f56d41e4f6a6093d56044e29ce637f8dcc43c5a90af43504a889cf1775e3",
    "https://deno.land/std@0.177.0/async/abortable.ts": "73acfb3ed7261ce0d930dbe89e43db8d34e017b063cf0eaa7d215477bf53442e",
    "https://deno.land/std@0.177.0/async/deadline.ts": "c5facb0b404eede83e38bd2717ea8ab34faa2ffb20ef87fd261fcba32ba307aa",
    "https://deno.land/std@0.177.0/async/debounce.ts": "adab11d04ca38d699444ac8a9d9856b4155e8dda2afd07ce78276c01ea5a4332",
    "https://deno.land/std@0.177.0/async/deferred.ts": "42790112f36a75a57db4a96d33974a936deb7b04d25c6084a9fa8a49f135def8",
    "https://deno.land/std@0.177.0/async/delay.ts": "73aa04cec034c84fc748c7be49bb15cac3dd43a57174bfdb7a4aec22c248f0dd",
    "https://deno.land/std@0.177.0/async/mod.ts": "f04344fa21738e5ad6bea37a6bfffd57c617c2d372bb9f9dcfd118a1b622e576",
    "https://deno.land/std@0.177.0/async/mux_async_iterator.ts": "70c7f2ee4e9466161350473ad61cac0b9f115cff4c552eaa7ef9d50c4cbb4cc9",
    "https://deno.land/std@0.177.0/async/pool.ts": "fd082bd4aaf26445909889435a5c74334c017847842ec035739b4ae637ae8260",
    "https://deno.land/std@0.177.0/async/retry.ts": "5efa3ba450ac0c07a40a82e2df296287b5013755d232049efd7ea2244f15b20f",
    "https://deno.land/std@0.177.0/async/tee.ts": "47e42d35f622650b02234d43803d0383a89eb4387e1b83b5a40106d18ae36757",
    "https://deno.land/std@0.177.0/bytes/index_of_needle.ts": "65c939607df609374c4415598fa4dad04a2f14c4d98cd15775216f0aaf597f24",
    "https://deno.land/std@0.177.0/crypto/timing_safe_equal.ts": "8d69ab611c67fe51b6127d97fcfb4d8e7d0e1b6b4f3e0cc4ab86744c3691f965",
    "https://deno.land/std@0.177.0/encoding/base64.ts": "7de04c2f8aeeb41453b09b186480be90f2ff357613b988e99fabb91d2eeceba1",
    "https://deno.land/std@0.177.0/encoding/base64url.ts": "3f1178f6446834457b16bfde8b559c1cd3481727fe384d3385e4a9995dc2d851",
    "https://deno.land/std@0.177.0/flags/mod.ts": "d1cdefa18472ef69858a17df5cf7c98445ed27ac10e1460183081303b0ebc270",
    "https://deno.land/std@0.177.0/fmt/printf.ts": "e5b426cd6ad13df5d408e9c375c025d59de30e380c5534715bd892df874ab057",
    "https://deno.land/std@0.177.0/http/http_status.ts": "8a7bcfe3ac025199ad804075385e57f63d055b2aed539d943ccc277616d6f932",
    "https://deno.land/std@0.177.0/node/_core.ts": "9a58c0ef98ee77e9b8fcc405511d1b37a003a705eb6a9b6e95f75434d8009adc",
    "https://deno.land/std@0.177.0/node/_events.d.ts": "1347437fd6b084d7c9a4e16b9fe7435f00b030970086482edeeb3b179d0775af",
    "https://deno.land/std@0.177.0/node/_events.mjs": "d4ba4e629abe3db9f1b14659fd5c282b7da8b2b95eaf13238eee4ebb142a2448",
    "https://deno.land/std@0.177.0/node/_global.d.ts": "2d88342f38b4083b858998e27c706725fb03a74aa14ef8d985dc18438b5188e4",
    "https://deno.land/std@0.177.0/node/_http_agent.mjs": "dd8753dd0ffa11d1e0c157f7e19545db519db520586300b7bcee3367da373177",
    "https://deno.land/std@0.177.0/node/_http_common.ts": "c3278314dc6db38122cbe5fe267d572c0f38dab6d374599d2e24d39f1a1b5a02",
    "https://deno.land/std@0.177.0/node/_http_outgoing.ts": "d3bdf1c54eb5384efa97d31e881782e6921039206870ed6fef475bd06fff9d96",
    "https://deno.land/std@0.177.0/node/_next_tick.ts": "9a3cf107d59b019a355d3cf32275b4c6157282e4b68ea85b46a799cb1d379305",
    "https://deno.land/std@0.177.0/node/_process/exiting.ts": "6e336180aaabd1192bf99ffeb0d14b689116a3dec1dfb34a2afbacd6766e98ab",
    "https://deno.land/std@0.177.0/node/_process/process.ts": "c96bb1f6253824c372f4866ee006dcefda02b7050d46759736e403f862d91051",
    "https://deno.land/std@0.177.0/node/_process/stdio.mjs": "cf17727eac8da3a665851df700b5aca6a12bacc3ebbf33e63e4b919f80ba44a6",
    "https://deno.land/std@0.177.0/node/_process/streams.mjs": "408777fba99580567f3ee82ee584ca79012cc550f8dacb8c5ec633b58cd0c1ca",
    "https://deno.land/std@0.177.0/node/_stream.d.ts": "112e1a0677cd6db932c3ce0e6e5bbdc7a2ac1874572f449044ecc82afcf5ee2e",
    "https://deno.land/std@0.177.0/node/_stream.mjs": "d6e2c86c1158ac65b4c2ca4fa019d7e84374ff12e21e2175345fe68c0823efe3",
    "https://deno.land/std@0.177.0/node/_util/_util_callbackify.ts": "a7ffe799ac5f54f3a780ee1c9b190b94dc7dc8afbb430c0e1c73756638d25d64",
    "https://deno.land/std@0.177.0/node/_utils.ts": "7fd55872a0cf9275e3c080a60e2fa6d45b8de9e956ebcde9053e72a344185884",
    "https://deno.land/std@0.177.0/node/async_hooks.ts": "bcdec28ec9f435debe41e486725dd81120c956cc8b62c14aa5c1dd5edd670dd4",
    "https://deno.land/std@0.177.0/node/buffer.ts": "85617be2063eccaf177dbb84c7580d1e32023724ed14bd9df4e453b152a26167",
    "https://deno.land/std@0.177.0/node/diagnostics_channel.ts": "f1f0abbb0079f7045ed7854ca3a7cda53ef0e722ba09a526a59c21cca23302ed",
    "https://deno.land/std@0.177.0/node/dns.ts": "59dded3657ecbe2d2ac5557fa7dee1d35a9616ccefd8f951b89693820804d8b6",
    "https://deno.land/std@0.177.0/node/events.ts": "d2de352d509de11a375e2cb397d6b98f5fed4e562fc1d41be33214903a38e6b0",
    "https://deno.land/std@0.177.0/node/http.ts": "397bc4dca95fbc91da2ca2345bc2148c80dd0445386642e761568998d31eaadc",
    "https://deno.land/std@0.177.0/node/https.ts": "2908b19e2c3d5639a15daab471c3f2a8327a82d175833795e84e05f8b5a8091c",
    "https://deno.land/std@0.177.0/node/internal/assert.mjs": "1d50c20eeaf16a6d9c1d90347e497669cebc915f5ee238417a73847eb4c2f0de",
    "https://deno.land/std@0.177.0/node/internal/async_hooks.ts": "214402ac7a17dfef247cdde223d1b1c3ee0c23b1b9b56eaaff789a3de86b3be9",
    "https://deno.land/std@0.177.0/node/internal/buffer.d.ts": "bdfa991cd88cb02fd08bf8235d2618550e3e511c970b2a8f2e1a6885a2793cac",
    "https://deno.land/std@0.177.0/node/internal/buffer.mjs": "e92303a3cc6d9aaabcd270a937ad9319825d9ba08cb332650944df4562029b27",
    "https://deno.land/std@0.177.0/node/internal/crypto/_keys.ts": "8f3c3b5a141aa0331a53c205e9338655f1b3b307a08085fd6ff6dda6f7c4190b",
    "https://deno.land/std@0.177.0/node/internal/crypto/constants.ts": "544d605703053218499b08214f2e25cf4310651d535b7ab995891c4b7a217693",
    "https://deno.land/std@0.177.0/node/internal/dns/promises.ts": "8119d052137a94dfd666933df33ba79a84cb1cb4249987d63fc6ff2c97344b06",
    "https://deno.land/std@0.177.0/node/internal/dns/utils.ts": "c25b905c27e9a1509dc62f54f26f982ecac4fd6befa9df81d6e0aeb14a9bb6a3",
    "https://deno.land/std@0.177.0/node/internal/dtrace.ts": "73765e366495f37c2b13dd54f2544d466b4ee9efcb1a68a8934f2d6ae184b7b8",
    "https://deno.land/std@0.177.0/node/internal/error_codes.ts": "8495e33f448a484518d76fa3d41d34fc20fe03c14b30130ad8e936b0035d4b8b",
    "https://deno.land/std@0.177.0/node/internal/errors.ts": "1c699b8a3cb93174f697a348c004b1c6d576b66688eac8a48ebb78e65c720aae",
    "https://deno.land/std@0.177.0/node/internal/fixed_queue.ts": "62bb119afa5b5ae8fc0c7048b50502347bec82e2588017d0b250c4671d6eff8f",
    "https://deno.land/std@0.177.0/node/internal/hide_stack_frames.ts": "9dd1bad0a6e62a1042ce3a51eb1b1ecee2f246907bff44835f86e8f021de679a",
    "https://deno.land/std@0.177.0/node/internal/http.ts": "96136a61b6d00300d6511445bd18453beec53c6cd8a621cf41998536988bab3b",
    "https://deno.land/std@0.177.0/node/internal/idna.ts": "034043ac9273eb5ba83112c926dba1777775f1eca40e021c8703cd1720bedd9f",
    "https://deno.land/std@0.177.0/node/internal/net.ts": "5538d31b595ac63d4b3e90393168bc65ace2f332c3317cffa2fd780070b2d86c",
    "https://deno.land/std@0.177.0/node/internal/normalize_encoding.mjs": "fd1d9df61c44d7196432f6e8244621468715131d18cc79cd299fc78ac549f707",
    "https://deno.land/std@0.177.0/node/internal/options.ts": "888f267c3fe8f18dc7b2f2fbdbe7e4a0fd3302ff3e99f5d6645601e924f3e3fb",
    "https://deno.land/std@0.177.0/node/internal/primordials.mjs": "a72d86b5aa55d3d50b8e916b6a59b7cc0dc5a31da8937114b4a113ad5aa08c74",
    "https://deno.land/std@0.177.0/node/internal/process/per_thread.mjs": "10142bbb13978c2f8f79778ad90f3a67a8ea6d8d2970f3dfc6bf2c6fff0162a2",
    "https://deno.land/std@0.177.0/node/internal/querystring.ts": "479f30c136555dc3b6f09af7d0de8a70c753035c1d5b57acc696722028788323",
    "https://deno.land/std@0.177.0/node/internal/readline/callbacks.mjs": "bdb129b140c3b21b5e08cdc3d8e43517ad818ac03f75197338d665cca1cbaed3",
    "https://deno.land/std@0.177.0/node/internal/readline/utils.mjs": "c3dbf3a97c01ed14052cca3848f09e2fc24818c1822ceed57c33b9f0840f3b87",
    "https://deno.land/std@0.177.0/node/internal/stream_base_commons.ts": "c5b60d12da6867953bf09349060db3702778ac72326fc50a3de0b2c4506edf0e",
    "https://deno.land/std@0.177.0/node/internal/streams/destroy.mjs": "b665fc71178919a34ddeac8389d162a81b4bc693ff7dc2557fa41b3a91011967",
    "https://deno.land/std@0.177.0/node/internal/streams/end-of-stream.mjs": "a4fb1c2e32d58dff440d4e716e2c4daaa403b3095304a028bb428575cfeed716",
    "https://deno.land/std@0.177.0/node/internal/streams/state.mjs": "49d161809e15e8c2d2c49737a414a5bab1e6993b4110e949520a62ac2bb4f924",
    "https://deno.land/std@0.177.0/node/internal/streams/utils.mjs": "f2fe2e6bdc506da24c758970890cc2a21642045b129dee618bd3827c60dd9e33",
    "https://deno.land/std@0.177.0/node/internal/timers.mjs": "f174a7a5c24c22460672b30e696d134bb1a37eed40ffc4d24c567c3f5624478b",
    "https://deno.land/std@0.177.0/node/internal/url.ts": "7e62e16520de552c130c354d9c725a2f5e2af453ff929a2009fa66ae445bbe14",
    "https://deno.land/std@0.177.0/node/internal/util.mjs": "f7fe2e1ca5e66f550ad0856b9f5ee4d666f0c071fe212ea7fc7f37cfa81f97a5",
    "https://deno.land/std@0.177.0/node/internal/util/comparisons.ts": "9a7d95401b3d1c99ec5b12250cf6dec75efc75764b4a18be257dd8bfbe67496e",
    "https://deno.land/std@0.177.0/node/internal/util/debuglog.ts": "a2392980a65cc6916afc17fa6686242ee0e3b47bd98c792ff59358560b24185e",
    "https://deno.land/std@0.177.0/node/internal/util/inspect.mjs": "11d7c9cab514b8e485acc3978c74b837263ff9c08ae4537fa18ad56bae633259",
    "https://deno.land/std@0.177.0/node/internal/util/types.ts": "0e587b44ec5e017cf228589fc5ce9983b75beece6c39409c34170cfad49d6417",
    "https://deno.land/std@0.177.0/node/internal/validators.mjs": "e02f2b02dd072a5d623970292588d541204dc82207b4c58985d933a5f4b382e6",
    "https://deno.land/std@0.177.0/node/internal_binding/_libuv_winerror.ts": "30c9569603d4b97a1f1a034d88a3f74800d5ea1f12fcc3d225c9899d4e1a518b",
    "https://deno.land/std@0.177.0/node/internal_binding/_listen.ts": "c6038be47116f7755c01fd98340a0d1e8e66ef874710ab59ed3f5607d50d7a25",
    "https://deno.land/std@0.177.0/node/internal_binding/_node.ts": "cb2389b0eab121df99853eb6a5e3a684e4537e065fb8bf2cca0cbf219ce4e32e",
    "https://deno.land/std@0.177.0/node/internal_binding/_timingSafeEqual.ts": "7d9732464d3c669ff07713868ce5d25bc974a06112edbfb5f017fc3c70c0853e",
    "https://deno.land/std@0.177.0/node/internal_binding/_utils.ts": "7c58a2fbb031a204dee9583ba211cf9c67922112fe77e7f0b3226112469e9fe1",
    "https://deno.land/std@0.177.0/node/internal_binding/_winerror.ts": "3e8cfdfe22e89f13d2b28529bab35155e6b1730c0221ec5a6fc7077dc037be13",
    "https://deno.land/std@0.177.0/node/internal_binding/ares.ts": "bdd34c679265a6c115a8cfdde000656837a0a0dcdb0e4c258e622e136e9c31b8",
    "https://deno.land/std@0.177.0/node/internal_binding/async_wrap.ts": "0dc5ae64eea2c9e57ab17887ef1573922245167ffe38e3685c28d636f487f1b7",
    "https://deno.land/std@0.177.0/node/internal_binding/buffer.ts": "31729e0537921d6c730ad0afea44a7e8a0a1044d070ade8368226cb6f7390c8b",
    "https://deno.land/std@0.177.0/node/internal_binding/cares_wrap.ts": "9b7247772167f8ed56acd0244a232d9d50e8d7c9cfc379f77f3d54cecc2f32ab",
    "https://deno.land/std@0.177.0/node/internal_binding/config.ts": "37d293009d1718205bf28e878e54a9f1ca24c1c320cee2416c20dc054104c6ea",
    "https://deno.land/std@0.177.0/node/internal_binding/connection_wrap.ts": "7dd089ea46de38e4992d0f43a09b586e4cf04878fb06863c1cb8cb2ece7da521",
    "https://deno.land/std@0.177.0/node/internal_binding/constants.ts": "21ff9d1ee71d0a2086541083a7711842fc6ae25e264dbf45c73815aadce06f4c",
    "https://deno.land/std@0.177.0/node/internal_binding/contextify.ts": "37d293009d1718205bf28e878e54a9f1ca24c1c320cee2416c20dc054104c6ea",
    "https://deno.land/std@0.177.0/node/internal_binding/credentials.ts": "37d293009d1718205bf28e878e54a9f1ca24c1c320cee2416c20dc054104c6ea",
    "https://deno.land/std@0.177.0/node/internal_binding/crypto.ts": "29e8f94f283a2e7d4229d3551369c6a40c2af9737fad948cb9be56bef6c468cd",
    "https://deno.land/std@0.177.0/node/internal_binding/errors.ts": "37d293009d1718205bf28e878e54a9f1ca24c1c320cee2416c20dc054104c6ea",
    "https://deno.land/std@0.177.0/node/internal_binding/fs.ts": "37d293009d1718205bf28e878e54a9f1ca24c1c320cee2416c20dc054104c6ea",
    "https://deno.land/std@0.177.0/node/internal_binding/fs_dir.ts": "37d293009d1718205bf28e878e54a9f1ca24c1c320cee2416c20dc054104c6ea",
    "https://deno.land/std@0.177.0/node/internal_binding/fs_event_wrap.ts": "37d293009d1718205bf28e878e54a9f1ca24c1c320cee2416c20dc054104c6ea",
    "https://deno.land/std@0.177.0/node/internal_binding/handle_wrap.ts": "adf0b8063da2c54f26edd5e8ec50296a4d38e42716a70a229f14654b17a071d9",
    "https://deno.land/std@0.177.0/node/internal_binding/heap_utils.ts": "37d293009d1718205bf28e878e54a9f1ca24c1c320cee2416c20dc054104c6ea",
    "https://deno.land/std@0.177.0/node/internal_binding/http_parser.ts": "37d293009d1718205bf28e878e54a9f1ca24c1c320cee2416c20dc054104c6ea",
    "https://deno.land/std@0.177.0/node/internal_binding/icu.ts": "37d293009d1718205bf28e878e54a9f1ca24c1c320cee2416c20dc054104c6ea",
    "https://deno.land/std@0.177.0/node/internal_binding/inspector.ts": "37d293009d1718205bf28e878e54a9f1ca24c1c320cee2416c20dc054104c6ea",
    "https://deno.land/std@0.177.0/node/internal_binding/js_stream.ts": "37d293009d1718205bf28e878e54a9f1ca24c1c320cee2416c20dc054104c6ea",
    "https://deno.land/std@0.177.0/node/internal_binding/messaging.ts": "37d293009d1718205bf28e878e54a9f1ca24c1c320cee2416c20dc054104c6ea",
    "https://deno.land/std@0.177.0/node/internal_binding/mod.ts": "9fc65f7af1d35e2d3557539a558ea9ad7a9954eefafe614ad82d94bddfe25845",
    "https://deno.land/std@0.177.0/node/internal_binding/module_wrap.ts": "37d293009d1718205bf28e878e54a9f1ca24c1c320cee2416c20dc054104c6ea",
    "https://deno.land/std@0.177.0/node/internal_binding/native_module.ts": "37d293009d1718205bf28e878e54a9f1ca24c1c320cee2416c20dc054104c6ea",
    "https://deno.land/std@0.177.0/node/internal_binding/natives.ts": "37d293009d1718205bf28e878e54a9f1ca24c1c320cee2416c20dc054104c6ea",
    "https://deno.land/std@0.177.0/node/internal_binding/node_file.ts": "21edbbc95653e45514aff252b6cae7bf127a4338cbc5f090557d258aa205d8a5",
    "https://deno.land/std@0.177.0/node/internal_binding/node_options.ts": "0b5cb0bf4379a39278d7b7bb6bb2c2751baf428fe437abe5ed3e8441fae1f18b",
    "https://deno.land/std@0.177.0/node/internal_binding/options.ts": "37d293009d1718205bf28e878e54a9f1ca24c1c320cee2416c20dc054104c6ea",
    "https://deno.land/std@0.177.0/node/internal_binding/os.ts": "37d293009d1718205bf28e878e54a9f1ca24c1c320cee2416c20dc054104c6ea",
    "https://deno.land/std@0.177.0/node/internal_binding/performance.ts": "37d293009d1718205bf28e878e54a9f1ca24c1c320cee2416c20dc054104c6ea",
    "https://deno.land/std@0.177.0/node/internal_binding/pipe_wrap.ts": "30e3a63954313f9d5bbc2ac02c7f9be4b1204c493e47f6e1b9c7366994e6ea6d",
    "https://deno.land/std@0.177.0/node/internal_binding/process_methods.ts": "37d293009d1718205bf28e878e54a9f1ca24c1c320cee2416c20dc054104c6ea",
    "https://deno.land/std@0.177.0/node/internal_binding/report.ts": "37d293009d1718205bf28e878e54a9f1ca24c1c320cee2416c20dc054104c6ea",
    "https://deno.land/std@0.177.0/node/internal_binding/serdes.ts": "37d293009d1718205bf28e878e54a9f1ca24c1c320cee2416c20dc054104c6ea",
    "https://deno.land/std@0.177.0/node/internal_binding/signal_wrap.ts": "37d293009d1718205bf28e878e54a9f1ca24c1c320cee2416c20dc054104c6ea",
    "https://deno.land/std@0.177.0/node/internal_binding/spawn_sync.ts": "37d293009d1718205bf28e878e54a9f1ca24c1c320cee2416c20dc054104c6ea",
    "https://deno.land/std@0.177.0/node/internal_binding/stream_wrap.ts": "452bff74d1db280a0cd78c75a95bb6d163e849e06e9638c4af405d40296bd050",
    "https://deno.land/std@0.177.0/node/internal_binding/string_decoder.ts": "54c3c1cbd5a9254881be58bf22637965dc69535483014dab60487e299cb95445",
    "https://deno.land/std@0.177.0/node/internal_binding/symbols.ts": "4dee2f3a400d711fd57fa3430b8de1fdb011e08e260b81fef5b81cc06ed77129",
    "https://deno.land/std@0.177.0/node/internal_binding/task_queue.ts": "37d293009d1718205bf28e878e54a9f1ca24c1c320cee2416c20dc054104c6ea",
    "https://deno.land/std@0.177.0/node/internal_binding/tcp_wrap.ts": "d298d855e862fc9a5c94e13ad982fde99f6d8a56620a4772681b7226f5a15c91",
    "https://deno.land/std@0.177.0/node/internal_binding/timers.ts": "37d293009d1718205bf28e878e54a9f1ca24c1c320cee2416c20dc054104c6ea",
    "https://deno.land/std@0.177.0/node/internal_binding/tls_wrap.ts": "37d293009d1718205bf28e878e54a9f1ca24c1c320cee2416c20dc054104c6ea",
    "https://deno.land/std@0.177.0/node/internal_binding/trace_events.ts": "37d293009d1718205bf28e878e54a9f1ca24c1c320cee2416c20dc054104c6ea",
    "https://deno.land/std@0.177.0/node/internal_binding/tty_wrap.ts": "37d293009d1718205bf28e878e54a9f1ca24c1c320cee2416c20dc054104c6ea",
    "https://deno.land/std@0.177.0/node/internal_binding/types.ts": "2187595a58d2cf0134f4db6cc2a12bf777f452f52b15b6c3aed73fa072aa5fc3",
    "https://deno.land/std@0.177.0/node/internal_binding/udp_wrap.ts": "b77d7024aef1282b9fe6e1f6c8064ab8a7b9ecbae0bc08a36f2b30dcbb1d2752",
    "https://deno.land/std@0.177.0/node/internal_binding/url.ts": "37d293009d1718205bf28e878e54a9f1ca24c1c320cee2416c20dc054104c6ea",
    "https://deno.land/std@0.177.0/node/internal_binding/util.ts": "808ff3b92740284184ab824adfc420e75398c88c8bccf5111f0c24ac18c48f10",
    "https://deno.land/std@0.177.0/node/internal_binding/uv.ts": "eb0048e30af4db407fb3f95563e30d70efd6187051c033713b0a5b768593a3a3",
    "https://deno.land/std@0.177.0/node/internal_binding/v8.ts": "37d293009d1718205bf28e878e54a9f1ca24c1c320cee2416c20dc054104c6ea",
    "https://deno.land/std@0.177.0/node/internal_binding/worker.ts": "37d293009d1718205bf28e878e54a9f1ca24c1c320cee2416c20dc054104c6ea",
    "https://deno.land/std@0.177.0/node/internal_binding/zlib.ts": "37d293009d1718205bf28e878e54a9f1ca24c1c320cee2416c20dc054104c6ea",
    "https://deno.land/std@0.177.0/node/net.ts": "11987c92efb37b1c01d251caf852f71252205d9177d9521f9c35a226602e4f70",
    "https://deno.land/std@0.177.0/node/path.ts": "1c6aa9101554136525b368e8280f0f78136d4071dd71ad3a70477f27d9e4dd91",
    "https://deno.land/std@0.177.0/node/path/_constants.ts": "2e2f68b8679cbf0ef118de8e5719e90cfb091de17d4a7c026c911b6772e6a247",
    "https://deno.land/std@0.177.0/node/path/_interface.ts": "c67d76726d0f86ea62ec68d17f11d50680c4659a60a0ea6dcd2488109435b4ce",
    "https://deno.land/std@0.177.0/node/path/_util.ts": "44deaf5bbd947eafb3439ea7208d0625e231c5f55c421fe83f5ef91218dcd28c",
    "https://deno.land/std@0.177.0/node/path/common.ts": "ee7505ab01fd22de3963b64e46cff31f40de34f9f8de1fff6a1bd2fe79380000",
    "https://deno.land/std@0.177.0/node/path/glob.ts": "b5fc2aed74aa7511cfd07d52dcd595cc18cd7ca431326a664e735d8905d85ce8",
    "https://deno.land/std@0.177.0/node/path/mod.ts": "cad27b16a7a3a8c2bb3ad1ba68a63d11e4fb616d63fd55c95e399a0a3a927be2",
    "https://deno.land/std@0.177.0/node/path/posix.ts": "a066e77f554358a82b4a693726faa41932f02f5bcd520f07afb6b2372e62484d",
    "https://deno.land/std@0.177.0/node/path/separator.ts": "5cfefe182e88bc8138022475703a9b39b13250c79bf234cdc6e3be9afd639662",
    "https://deno.land/std@0.177.0/node/path/win32.ts": "3a1b21948e0063cf1ac1c6834ef3ed633b5405f107be01aadfaedd2088b57eef",
    "https://deno.land/std@0.177.0/node/process.ts": "6608012d6d51a17a7346f36079c574b9b9f81f1b5c35436489ad089f39757466",
    "https://deno.land/std@0.177.0/node/querystring.ts": "2dce8068cb80ce2bf503aecd888be1b89827288352b6581e0fc401886d56cd86",
    "https://deno.land/std@0.177.0/node/stream.ts": "09e348302af40dcc7dc58aa5e40fdff868d11d8d6b0cfb85cbb9c75b9fe450c7",
    "https://deno.land/std@0.177.0/node/string_decoder.ts": "1a17e3572037c512cc5fc4b29076613e90f225474362d18da908cb7e5ccb7e88",
    "https://deno.land/std@0.177.0/node/timers.ts": "36992313d4fc894b43f80a12fd35acc4614256fb910d8902d5fc969c1c47cb50",
    "https://deno.land/std@0.177.0/node/url.ts": "f8c6656f32728a447705a273e3d8a5118631c0b6560d13fc613901ec9a3f69d0",
    "https://deno.land/std@0.177.0/node/util.ts": "4c12edeafde7e50dfe2d4022e383decb422c77858b938b093698cb7250c9e125",
    "https://deno.land/std@0.177.0/node/util/types.ts": "461b2e1118fd32456967e14b99f01c892dee1e94d144d6b96e9d94eb086a9574",
    "https://deno.land/std@0.177.0/path/_constants.ts": "e49961f6f4f48039c0dfed3c3f93e963ca3d92791c9d478ac5b43183413136e0",
    "https://deno.land/std@0.177.0/path/_interface.ts": "6471159dfbbc357e03882c2266d21ef9afdb1e4aa771b0545e90db58a0ba314b",
    "https://deno.land/std@0.177.0/path/_util.ts": "d7abb1e0dea065f427b89156e28cdeb32b045870acdf865833ba808a73b576d0",
    "https://deno.land/std@0.177.0/path/common.ts": "ee7505ab01fd22de3963b64e46cff31f40de34f9f8de1fff6a1bd2fe79380000",
    "https://deno.land/std@0.177.0/path/glob.ts": "d479e0a695621c94d3fd7fe7abd4f9499caf32a8de13f25073451c6ef420a4e1",
    "https://deno.land/std@0.177.0/path/mod.ts": "4b83694ac500d7d31b0cdafc927080a53dc0c3027eb2895790fb155082b0d232",
    "https://deno.land/std@0.177.0/path/posix.ts": "8b7c67ac338714b30c816079303d0285dd24af6b284f7ad63da5b27372a2c94d",
    "https://deno.land/std@0.177.0/path/separator.ts": "0fb679739d0d1d7bf45b68dacfb4ec7563597a902edbaf3c59b50d5bcadd93b1",
    "https://deno.land/std@0.177.0/path/win32.ts": "d186344e5583bcbf8b18af416d13d82b35a317116e6460a5a3953508c3de5bba",
    "https://deno.land/std@0.177.0/streams/write_all.ts": "3b2e1ce44913f966348ce353d02fa5369e94115181037cd8b602510853ec3033",
    "https://deno.land/std@0.177.0/types.d.ts": "220ed56662a0bd393ba5d124aa6ae2ad36a00d2fcbc0e8666a65f4606aaa9784",
    "https://deno.land/std@0.187.0/async/abortable.ts": "fd682fa46f3b7b16b4606a5ab52a7ce309434b76f820d3221bdfb862719a15d7",
    "https://deno.land/std@0.187.0/async/deadline.ts": "58f72a3cc0fcb731b2cc055ba046f4b5be3349ff6bf98f2e793c3b969354aab2",
    "https://deno.land/std@0.187.0/async/debounce.ts": "adab11d04ca38d699444ac8a9d9856b4155e8dda2afd07ce78276c01ea5a4332",
    "https://deno.land/std@0.187.0/async/deferred.ts": "42790112f36a75a57db4a96d33974a936deb7b04d25c6084a9fa8a49f135def8",
    "https://deno.land/std@0.187.0/async/delay.ts": "73aa04cec034c84fc748c7be49bb15cac3dd43a57174bfdb7a4aec22c248f0dd",
    "https://deno.land/std@0.187.0/async/mod.ts": "f04344fa21738e5ad6bea37a6bfffd57c617c2d372bb9f9dcfd118a1b622e576",
    "https://deno.land/std@0.187.0/async/mux_async_iterator.ts": "70c7f2ee4e9466161350473ad61cac0b9f115cff4c552eaa7ef9d50c4cbb4cc9",
    "https://deno.land/std@0.187.0/async/pool.ts": "f1b8d3df4d7fd3c73f8cbc91cc2e8b8e950910f1eab94230b443944d7584c657",
    "https://deno.land/std@0.187.0/async/retry.ts": "dd19d93033d8eaddbfcb7654c0366e9d3b0a21448bdb06eba4a7d8a8cf936a92",
    "https://deno.land/std@0.187.0/async/tee.ts": "47e42d35f622650b02234d43803d0383a89eb4387e1b83b5a40106d18ae36757",
    "https://deno.land/std@0.187.0/collections/filter_values.ts": "5b9feaf17b9a6e5ffccdd36cf6f38fa4ffa94cff2602d381c2ad0c2a97929652",
    "https://deno.land/std@0.187.0/collections/without_all.ts": "a89f5da0b5830defed4f59666e188df411d8fece35a5f6ca69be6ca71a95c185",
    "https://deno.land/std@0.187.0/dotenv/load.ts": "0636983549b98f29ab75c9a22a42d9723f0a389ece5498fe971e7bb2556a12e2",
    "https://deno.land/std@0.187.0/dotenv/mod.ts": "f5a8123741d1561ae8184a7f043bc097b15132c5171c651142b804b6dbc21853",
    "https://deno.land/std@0.187.0/http/server.ts": "1b23463b5b36e4eebc495417f6af47a6f7d52e3294827a1226d2a1aab23d9d20",
    "https://deno.land/x/hono@v3.2.0-rc.3/adapter/deno/serve-static.ts": "4d2929e949993fe626e7cc5d15e0c125b562fef4fb275a86cdd0c3e2d0972df2",
    "https://deno.land/x/hono@v3.2.0-rc.3/client/client.ts": "c279ae0fd26bc10989bb9ad9025eb22db6317530c09ffdb3e59c0a932534f3ce",
    "https://deno.land/x/hono@v3.2.0-rc.3/client/index.ts": "7ad089b121f2613a0eaedd3d8aa8307a48bf3bf48f6c38281d6e73ee35f0d7ea",
    "https://deno.land/x/hono@v3.2.0-rc.3/client/types.ts": "ccf9ae6ae9aa0be5f3254143a3e7a7ac7b0c1c69c65ef2f72e76b01de101c741",
    "https://deno.land/x/hono@v3.2.0-rc.3/client/utils.ts": "d7ff6b55f5b00715dacecaefd39e598f2a5e4cb863a64b0bee1020a725640cd7",
    "https://deno.land/x/hono@v3.2.0-rc.3/compose.ts": "9bc97f737857da061b2294eb9812b7e0ca773acc2e913c11bf93d5732c0469f0",
    "https://deno.land/x/hono@v3.2.0-rc.3/context.ts": "7317fa602923cc49e52d27e4f8ae46a5a288e2835f75b6713e77ef0a232bd68b",
    "https://deno.land/x/hono@v3.2.0-rc.3/hono.ts": "a85789f0332dcaeaed1a2b81fbc766ca4bcfc3fb3109f9d8de6fec61c750b61d",
    "https://deno.land/x/hono@v3.2.0-rc.3/http-exception.ts": "e74a5e8504ecf795e9babdc2bab9d4052e1806a7396efc89f8e1ed83e813e3be",
    "https://deno.land/x/hono@v3.2.0-rc.3/middleware.ts": "2dcc0cd6bb0894f37b740cd60bf53c60635388a5f38cb0d593129eb4ca75ffa6",
    "https://deno.land/x/hono@v3.2.0-rc.3/middleware/basic-auth/index.ts": "53808e721b13096baafdcc98f035bedc13385c17edecbd9e2e53118b4d9305a9",
    "https://deno.land/x/hono@v3.2.0-rc.3/middleware/bearer-auth/index.ts": "11d4ead9b57f5bcb2b6b4bf27076871f15da0e1e8828b2b79d90c15423357b47",
    "https://deno.land/x/hono@v3.2.0-rc.3/middleware/cache/index.ts": "275a90999b316f224a39b5c7b5e0a8009de3cb06e09f7a62feaa4fad60a90b4d",
    "https://deno.land/x/hono@v3.2.0-rc.3/middleware/compress/index.ts": "0b8ddbd70688361d5ef4e9418afa28affe2500a7f41a231a87873dad26ef5548",
    "https://deno.land/x/hono@v3.2.0-rc.3/middleware/cookie/index.ts": "8c8213866cbb7743cf3156e6d574898d28ba1275801fb9f60c69285360266329",
    "https://deno.land/x/hono@v3.2.0-rc.3/middleware/cors/index.ts": "10a743dcc793204835a5299070e2afaabb7e81cb742262faa9f1181f5e5d65ac",
    "https://deno.land/x/hono@v3.2.0-rc.3/middleware/etag/index.ts": "019794a57657725ac7db7df50a8605cc33c5b8b97356c21c11182455d4bbedba",
    "https://deno.land/x/hono@v3.2.0-rc.3/middleware/html/index.ts": "a5028d8170dcc030d003749e743213e6532ff65798b741b81220207abc9af82d",
    "https://deno.land/x/hono@v3.2.0-rc.3/middleware/jsx/index.ts": "8c24ee1966d3fc67a658ee8413c9a21f5fa7da8af49c8a199cc55e22e24e80bb",
    "https://deno.land/x/hono@v3.2.0-rc.3/middleware/jwt/index.ts": "6a8fa9ca42e49756dd1b8db6f0abe5b6684681ece8fc7f65a4892f7a82000236",
    "https://deno.land/x/hono@v3.2.0-rc.3/middleware/logger/index.ts": "281b0fe431183a5d7b8d576645370efbd2737aeefaac7dc989d1c90dc03c52c0",
    "https://deno.land/x/hono@v3.2.0-rc.3/middleware/powered-by/index.ts": "7ec561885ac0410786f78aeb9789ed7869edb2d43c615cbc3d14f21baee87359",
    "https://deno.land/x/hono@v3.2.0-rc.3/middleware/pretty-json/index.ts": "f4a4b2fa2ecb73e23da6f0ef716fe7d6a7f05c69f64dc7f89fc68cbcb204a87f",
    "https://deno.land/x/hono@v3.2.0-rc.3/mod.ts": "8b6380c20a341beed9bae60127c789cf63b6e7b51b5a5f441bf5b2593cdec280",
    "https://deno.land/x/hono@v3.2.0-rc.3/request.ts": "33702cfec33f714d6567b1ecb5bca648d2213ceae076c602cf475fe6f873ba8e",
    "https://deno.land/x/hono@v3.2.0-rc.3/router.ts": "21448bc2e6019574c10fae11237da4367037fa107e68bf3d049cd2fd0efd2adb",
    "https://deno.land/x/hono@v3.2.0-rc.3/router/reg-exp-router/index.ts": "52755829213941756159b7a963097bafde5cc4fc22b13b1c7c9184dc0512d1db",
    "https://deno.land/x/hono@v3.2.0-rc.3/router/reg-exp-router/node.ts": "8006b5bccb83d9fc98e0562a5545f6dd0be639ce445b089a6171c9c617aa8693",
    "https://deno.land/x/hono@v3.2.0-rc.3/router/reg-exp-router/router.ts": "35a405c855cf6d10c350a651169c2c728fd19aaf3d3a0c416e5a06752914e6bd",
    "https://deno.land/x/hono@v3.2.0-rc.3/router/reg-exp-router/trie.ts": "567493b301c44174f0895aedb8d055bbecf88f8a25626fa8ca61333bbd0c882c",
    "https://deno.land/x/hono@v3.2.0-rc.3/router/smart-router/index.ts": "74f9b4fe15ea535900f2b9b048581915f12fe94e531dd2b0032f5610e61c3bef",
    "https://deno.land/x/hono@v3.2.0-rc.3/router/smart-router/router.ts": "1d54f5c87875d856ed5fc2d22a100e1ff31debe3e9d8e9b1cc18d8e5706239f2",
    "https://deno.land/x/hono@v3.2.0-rc.3/router/trie-router/index.ts": "3eb75e7f71ba81801631b30de6b1f5cefb2c7239c03797e2b2cbab5085911b41",
    "https://deno.land/x/hono@v3.2.0-rc.3/router/trie-router/node.ts": "ca5b6a1ce6b6dc01003809bfa9cb93a323b37b27feee14c64655015deff7d2a9",
    "https://deno.land/x/hono@v3.2.0-rc.3/router/trie-router/router.ts": "0a969528a0c1680b552b20f0ca90e484e968ac279be9d5fd952b61a804d680e7",
    "https://deno.land/x/hono@v3.2.0-rc.3/types.ts": "9e6d337bbdbb9ee1293af11b3f1944c94954e2072bb6574cf1eeda9aa911592a",
    "https://deno.land/x/hono@v3.2.0-rc.3/utils/body.ts": "b6b5ed679122968a74845df4c5454c677f09adc4f3466d822f3b1397884e540e",
    "https://deno.land/x/hono@v3.2.0-rc.3/utils/buffer.ts": "d28ab08d2571e890ec2ad7ce4c0318a503094f8403eac3d5eb18a8e5c23b29b2",
    "https://deno.land/x/hono@v3.2.0-rc.3/utils/cookie.ts": "545872bd7af3b455c24fd386ecbccfd161e7d4a0038d6b09b1bb22723602f90a",
    "https://deno.land/x/hono@v3.2.0-rc.3/utils/crypto.ts": "bda0e141bbe46d3a4a20f8fbcb6380d473b617123d9fdfa93e4499410b537acc",
    "https://deno.land/x/hono@v3.2.0-rc.3/utils/encode.ts": "427bb714b2eea3671c4254842cfd52bc6b4d5f8304fc05c94b5e7cd1cb475b5b",
    "https://deno.land/x/hono@v3.2.0-rc.3/utils/filepath.ts": "5f708bb6a2f0b8e83a3333868ac86abdfba15e52b46acb5e13018fa2138f0826",
    "https://deno.land/x/hono@v3.2.0-rc.3/utils/html.ts": "636c4a04eaea1c52c14a37cd28d83cba66b293d1e31420a4475e951268901ae4",
    "https://deno.land/x/hono@v3.2.0-rc.3/utils/http-status.ts": "2d6003e352c1fe918db663fa4bd2b20bf0b9d4e1699ba5e163f317f00b29d938",
    "https://deno.land/x/hono@v3.2.0-rc.3/utils/jwt/index.ts": "5e4b82a42eb3603351dfce726cd781ca41cb57437395409d227131aec348d2d5",
    "https://deno.land/x/hono@v3.2.0-rc.3/utils/jwt/jwt.ts": "e822e0c183cdc77709ccfba7b527f624f695c149425a00602d314165a87ee1bf",
    "https://deno.land/x/hono@v3.2.0-rc.3/utils/jwt/types.ts": "16d7fa878a875eddd0049f0aa0192075058f19d51816a5d484d9b80e4d27abea",
    "https://deno.land/x/hono@v3.2.0-rc.3/utils/mime.ts": "e17bdbac85b97c3d223c48874c2abe867e0720461e9f7e0c340141c080b9c6d6",
    "https://deno.land/x/hono@v3.2.0-rc.3/utils/types.ts": "64fe2bf6526c682024bc5d0cd59d01a32f12bb9b80dca58d1cfc4e70231ef696",
    "https://deno.land/x/hono@v3.2.0-rc.3/utils/url.ts": "3ea742c5382b4ae83a7b90f94c7150e584edd57d7a64760dbcbd72d1cd2d3365",
    "https://deno.land/x/hono@v3.2.0-rc.3/validator/index.ts": "6c986e8b91dcf857ecc8164a506ae8eea8665792a4ff7215471df669c632ae7c",
    "https://deno.land/x/hono@v3.2.0-rc.3/validator/validator.ts": "e52183ddf8cefc3cfe2788802fe6ce766df8ac904df485107b01cbcca167dbad",
    "https://deno.land/x/sax_ts@v1.2.10/src/sax.ts": "3d468d10d13d2690b5910fd12afc3cf52d979c0f144899d5c36da45c0931634e",
    "https://deno.land/x/scale@v0.11.2/codecs/array.ts": "83cb06694a55e730712e0174d31f17b6f6e083fb06d3a051a80095e929b04a25",
    "https://deno.land/x/scale@v0.11.2/codecs/bitSequence.ts": "0222dd8f4622b823d109d29e61ce1710102695b02d35bc96c176e911e83d3154",
    "https://deno.land/x/scale@v0.11.2/codecs/bool.ts": "11e2064eae766b29337076b4d6a5154a65e5c0a3a1af5941bd3c89975ada0ecb",
    "https://deno.land/x/scale@v0.11.2/codecs/compact.ts": "69d2bedc2564eee30f3ff848c77588e9f18a6417024c81222aefb3a9031c2b0f",
    "https://deno.land/x/scale@v0.11.2/codecs/constant.ts": "affc89be3babf6d0751bccd3e3ea206f8cbe814b9f551d1ae37b5bbc4a8eb68c",
    "https://deno.land/x/scale@v0.11.2/codecs/deferred.ts": "2fb66b234cf011ef00def1da6022295961a27f34d47a1a352256547625d4800f",
    "https://deno.land/x/scale@v0.11.2/codecs/float.ts": "d544ad944250a9c6e5c86a11a58dc54d004616d825f23608aa8a00cdcefbdbb0",
    "https://deno.land/x/scale@v0.11.2/codecs/instance.ts": "e7d62942e6bd28e56273672b7ed583b8176e6c7557ca8a2bdeabb8cca7bba39e",
    "https://deno.land/x/scale@v0.11.2/codecs/int.ts": "d9fd27d76f9298514c65c9059343c88ed9dc99d3a2740116b5d66e34c7281c3c",
    "https://deno.land/x/scale@v0.11.2/codecs/iterable.ts": "7e1d273fc165bcb053484f8d1bc5077b8f26b1f85d800b84263782b04614f9cd",
    "https://deno.land/x/scale@v0.11.2/codecs/lenPrefixed.ts": "3f4bc20c85e8574fc07415e5c94c5fb76f3c45b71ce910bd7a2af75251b41ec3",
    "https://deno.land/x/scale@v0.11.2/codecs/mod.ts": "ac9dfecec7e3689a378e4810061f6a11d68dff0d9db0918be131f337bca7bd67",
    "https://deno.land/x/scale@v0.11.2/codecs/never.ts": "57a681be8fd8c14413cefd620976b41ff56289aaa79477671bfa6ada2860c289",
    "https://deno.land/x/scale@v0.11.2/codecs/object.ts": "c2f5b283fe0657f6c9313d0b9442178795a7e9a83f2dc07458abccf623414b64",
    "https://deno.land/x/scale@v0.11.2/codecs/option.ts": "b70bdb29ac79194287f16a057862a21ca76ee3baf9ab51f1216db4646534b91f",
    "https://deno.land/x/scale@v0.11.2/codecs/optionBool.ts": "b959f28327b9eb42e63107269df8a00cd52c25b487b1f19a97ed5df27b9cffb0",
    "https://deno.land/x/scale@v0.11.2/codecs/promise.ts": "3bf444ca6eca27fbb95fbdc7d02d4442c92a6e4f8621d06cc3b4de6894e37ac7",
    "https://deno.land/x/scale@v0.11.2/codecs/record.ts": "a71561359051e7945a4c8ba8c83e2e2dbcfb3424beedff5403b0c49ce3e7675b",
    "https://deno.land/x/scale@v0.11.2/codecs/result.ts": "6fb4b3b0e982ab791c7da032355a0c85157212df925ef29e940f4e7777de3f74",
    "https://deno.land/x/scale@v0.11.2/codecs/str.ts": "b968290c897ee91e1275085fc9b3fe5aaa972c2c553468b2b200037fbfbc1b8a",
    "https://deno.land/x/scale@v0.11.2/codecs/transform.ts": "63e3a13e681d0e842017f27d4f7b3b668c78e9a3713823987ac2773776ee1372",
    "https://deno.land/x/scale@v0.11.2/codecs/tuple.ts": "1d6b9cf0234e9a5bb2a990d9e0e0a365195842727ded255c7aaab2af9a09aa36",
    "https://deno.land/x/scale@v0.11.2/codecs/union.ts": "8f4c44597fe48da3d6b4917565a4ff84f55077a9fa123cd63e36f0ce18800598",
    "https://deno.land/x/scale@v0.11.2/common/assert.ts": "b199103e5f9e8eccbf35e54838686c475c1e66dd712bb10e07140e29edb69448",
    "https://deno.land/x/scale@v0.11.2/common/buffer.ts": "40a9cfbdd12c3350eb22cbb3783b4dd07cbd02f1ebae999a31f6d002eabda417",
    "https://deno.land/x/scale@v0.11.2/common/codec.ts": "54392d588ac33270f8aa9576f058867d8a582d51e01720b4231c6f3934439e56",
    "https://deno.land/x/scale@v0.11.2/common/metadata.ts": "a1eb04e71fff0aa37577dfc06ee6ff379ef420d4d1d69934ce63db70e01021f6",
    "https://deno.land/x/scale@v0.11.2/common/mod.ts": "60dc8e3b4ea2466d1fbd682af50c726fe9f9de3fe8436f50430a2f53e1d20761",
    "https://deno.land/x/scale@v0.11.2/common/util.ts": "5e0179ac0cdab2160e5b5368464b5123c595d4a0c48796508af5f47c739c4ea4",
    "https://deno.land/x/scale@v0.11.2/mod.ts": "fc408963c99d4bd8536762b96bbe8cef7dabbdc9425388d7e1eb2dbe5f293030",
    "https://deno.land/x/ytdl_core@v0.1.2/deps.ts": "7428c417a5b9fdba0db74790a328e5824e35cc332c25153c7bcf1657a2cf8a4f",
    "https://deno.land/x/ytdl_core@v0.1.2/mod.ts": "5654b5800933c38b0a7cac3f305811668e786b9a717c47c4a8d156c07736ac25",
    "https://deno.land/x/ytdl_core@v0.1.2/src/cache.ts": "d6ea5bce94dbc42d2fb1533c0975cf3fc46e32c432b6f2fcaf00c8afdb70c691",
    "https://deno.land/x/ytdl_core@v0.1.2/src/format_util.ts": "15be04873e9d178060abd00a221ae6fef7c7987d0b519f521e785f350cc51b39",
    "https://deno.land/x/ytdl_core@v0.1.2/src/formats.ts": "18f14e61c6860cf19fc454d9a7e830f43af4b8a39a7afccf7d6839f90e5e9204",
    "https://deno.land/x/ytdl_core@v0.1.2/src/info.ts": "a3a47373121c5c17c9913b682417a61993ece1345af6ab570c3e70bfc858f2a1",
    "https://deno.land/x/ytdl_core@v0.1.2/src/info_extras.ts": "f3627c10c811e63714c4939806fe5e460aa4d7a372e4e587bc9f0992cb4ff0e7",
    "https://deno.land/x/ytdl_core@v0.1.2/src/request.ts": "66cf1b5418b5a60e542f6541846cfd28ad9b0555c585d8307e5b37da1605f892",
    "https://deno.land/x/ytdl_core@v0.1.2/src/sig.ts": "303e7be76434d35999e32b890ec727b4ff628535d0e358d5cca74ccbe73279a2",
    "https://deno.land/x/ytdl_core@v0.1.2/src/stream.ts": "ff76a4172284b7a4148ab79390093e27f5cf67881b91ff51936b8cba6fdc3e0e",
    "https://deno.land/x/ytdl_core@v0.1.2/src/types.ts": "6b71aff86663d779f6f9457506d6634b6e86ee6f7d0a7aaeda2838ce31306e64",
    "https://deno.land/x/ytdl_core@v0.1.2/src/url_utils.ts": "8b8eb4b76344cae0bede4839b377a0acff3df0a24eef621841358b4aff0f2153",
    "https://deno.land/x/ytdl_core@v0.1.2/src/utils.ts": "9f1334987679194479879c8e9be0c173b60cd4ec784707b086bb04d748d75b3c",
    "https://deno.land/x/ytdl_core@v0.1.2/src/video.ts": "8d55c1775caf5443b478e59b07a38f0418e17cc069ff42caf959c281462f4537",
    "https://esm.sh/m3u8stream@0.8.6": "40617dd3620d765de2d5023e76480454b5f1555f09a17a7ca2f372d59e672edf",
    "https://esm.sh/querystring@0.2.1": "45614c9cbe81de08367242421f241ed897e67760f53de533ba49d4707bd2796f",
    "https://esm.sh/v122/@types/node@18.16.9/buffer.d.ts": "0a633bb66b85463b05d55dd917f50af40d8dc3be758150067dec5f43034877d4",
    "https://esm.sh/v122/@types/node@18.16.9/crypto.d.ts": "84863cbf5dc49a46c15697055961392f7273305235d22ac47aa94d520f0396b7",
    "https://esm.sh/v122/@types/node@18.16.9/dns.d.ts": "1a85d8ab68d2c47add934792b246d62da1ca0c5cd66fcf16e52bea7984f98cac",
    "https://esm.sh/v122/@types/node@18.16.9/dns/promises.d.ts": "5749686e42f662023088d1351726a0f1e98549d7e85aba409f5ad0c8c9825eee",
    "https://esm.sh/v122/@types/node@18.16.9/events.d.ts": "d4764375ade484d920c4488d4f0eb2cfaa69c2d0530a27fd84b04b9b2afa6aae",
    "https://esm.sh/v122/@types/node@18.16.9/net.d.ts": "8c31f1e29a6567652826478e55e440c0beb49ccc6dbc50232ede5c2cc80869f9",
    "https://esm.sh/v122/@types/node@18.16.9/stream.d.ts": "85b28b88a0f33099afd5cc07e4d1940735396e281253bb89877c9e00a203b5fd",
    "https://esm.sh/v122/@types/node@18.16.9/stream/consumers.d.ts": "f800abb798cc380bab526c27e4c16a0cf25be13757a678c16ce545d709c26617",
    "https://esm.sh/v122/@types/node@18.16.9/stream/promises.d.ts": "6dfd2b388e909e4cf275dfdc854e464142764dcd3ae950b3d766d3016f16a2f2",
    "https://esm.sh/v122/@types/node@18.16.9/stream/web.d.ts": "edf0567035647f1f91a9265e3b3decac756de77484c1b1ef69e345a2fd79e5e5",
    "https://esm.sh/v122/@types/node@18.16.9/tls.d.ts": "13615e2f63d44f62eb9ecae1e8a40d57a9cecf558ad94aca0ea9b0c8e439e99b",
    "https://esm.sh/v122/m3u8stream@0.8.6/deno/m3u8stream.mjs": "2a32ffd20c7f30294a23eb1e6568e83b33abb9b607b1bee11ccf5b95afcd1cbf",
    "https://esm.sh/v122/m3u8stream@0.8.6/dist/index.d.ts": "e7e9e4ab45908c30f673a57f10f865cb888d02330ab08ca951e1ad53f8697c2a",
    "https://esm.sh/v122/miniget@4.2.2/deno/miniget.mjs": "d068048e34f9abf87eb39e6bcc970c70ba1da2115fd2b01d6ab7e503ead36d7c",
    "https://esm.sh/v122/node.ns.d.ts": "0fb081f0cd2150931bd54baa04f31466abd9ca701fd9060d07931402cf8367ba",
    "https://esm.sh/v122/querystring@0.2.1/decode.d.ts": "ad7e61eca7f2f8bf47e72695f9f6663b75e41d87ef49abdb17c0cb843862f8aa",
    "https://esm.sh/v122/querystring@0.2.1/deno/querystring.mjs": "7c151360ed53d81d0f0400dd95a31caae9ddb0e888b566fc56d22f9140f06e63",
    "https://esm.sh/v122/querystring@0.2.1/encode.d.ts": "ecba2e44af95b0599c269a92628cec22e752868bce37396740deb51a5c547a26",
    "https://esm.sh/v122/querystring@0.2.1/index.d.ts": "0720c46eb7ce1553ce2d83afd036bea4990e971f36d2107dcd734f30bb9a0093",
    "https://esm.sh/v122/sax@1.2.4/deno/sax.mjs": "6bd9891a77b9d3fa0652d8a8eb1b17e02ace9799072c3d280f740be6e7f122e7",
    "https://raw.githubusercontent.com/fent/node-m3u8stream/master/src/parse-time.ts": "7cf1d14095380fa9e75f7c4c4420dcd9f21ea5279a6731e94b81a543342f3ac9"
  }
}
